# This file is automatically generated by uv.
# To update, run: uv lock
[[package]]
name = "streamlit"
version = "1.38.0"
description = "Streamlit: A fast way to build and share data apps."
optional = false
python-versions = ">=3.8"

[[package]]
name = "sqlalchemy"
version = "2.0.43"
description = "Database Abstraction Library"
optional = false
python-versions = ">=3.8"

[[package]]
name = "psycopg2-binary"
version = "2.9.10"
description = "PostgreSQL adapter for Python"
optional = false
python-versions = ">=3.8"

[[package]]
name = "groq"
version = "0.31.0"
description = "Python client for Groq API"
optional = false
python-versions = ">=3.8"

[[package]]
name = "pdfplumber"
version = "0.11.7"
description = "Plumb a PDF for detailed information about each char, rectangle, and line."
optional = false
python-versions = ">=3.8"

[[package]]
name = "pypdf2"
version = "3.0.1"
description = "A pure-python PDF library capable of splitting, merging, cropping, and transforming the pages of PDF files"
optional = false
python-versions = ">=3.8"

[[package]]
name = "pillow"
version = "10.4.0"
description = "Python Imaging Library (Fork)"
optional = false
python-versions = ">=3.8"

[[package]]
name = "python-dotenv"
version = "1.1.1"
description = "Read key-value pairs from a .env file and set them as environment variables"
optional = false
python-versions = ">=3.8"

[[package]]
name = "numpy"
version = "2.3.2"
description = "Fundamental package for array computing in Python"
optional = false
python-versions = ">=3.8"

[metadata]
lock-version = "1"
python-versions = ">=3.8"
